
Microsoft Visual Studio Solution File, Format Version 12.00
# Visual Studio Version 17
VisualStudioVersion = 17.11.35327.3
MinimumVisualStudioVersion = 10.0.40219.1
Project("{9A19103F-16F7-4668-BE54-9A1E7A4F7556}") = "NCadAvaloniaSample.Startup", "NCadAvaloniaSample.Startup\NCadAvaloniaSample.Startup.csproj", "{26C153C9-1534-4671-BBD2-8673613FA3DA}"
EndProject
Project("{9A19103F-16F7-4668-BE54-9A1E7A4F7556}") = "NCadAvaloniaSample.Avalonia", "NCadAvaloniaSample.Avalonia\NCadAvaloniaSample.Avalonia.csproj", "{D044FE66-AA35-4DFD-A6F8-D6A26FB68FE7}"
EndProject
Global
	GlobalSection(SolutionConfigurationPlatforms) = preSolution
		Debug|Any CPU = Debug|Any CPU
		Release|Any CPU = Release|Any CPU
	EndGlobalSection
	GlobalSection(ProjectConfigurationPlatforms) = postSolution
		{26C153C9-1534-4671-BBD2-8673613FA3DA}.Debug|Any CPU.ActiveCfg = Debug|Any CPU
		{26C153C9-1534-4671-BBD2-8673613FA3DA}.Debug|Any CPU.Build.0 = Debug|Any CPU
		{26C153C9-1534-4671-BBD2-8673613FA3DA}.Release|Any CPU.ActiveCfg = Release|Any CPU
		{26C153C9-1534-4671-BBD2-8673613FA3DA}.Release|Any CPU.Build.0 = Release|Any CPU
		{D044FE66-AA35-4DFD-A6F8-D6A26FB68FE7}.Debug|Any CPU.ActiveCfg = Debug|Any CPU
		{D044FE66-AA35-4DFD-A6F8-D6A26FB68FE7}.Debug|Any CPU.Build.0 = Debug|Any CPU
		{D044FE66-AA35-4DFD-A6F8-D6A26FB68FE7}.Release|Any CPU.ActiveCfg = Release|Any CPU
		{D044FE66-AA35-4DFD-A6F8-D6A26FB68FE7}.Release|Any CPU.Build.0 = Release|Any CPU
	EndGlobalSection
	GlobalSection(SolutionProperties) = preSolution
		HideSolutionNode = FALSE
	EndGlobalSection
	GlobalSection(ExtensibilityGlobals) = postSolution
		SolutionGuid = {8B49B841-D528-489D-8BB6-D9FACC22D579}
	EndGlobalSection
EndGlobal
